
Microsoft Visual Studio Solution File, Format Version 12.00
# Visual Studio Version 17
VisualStudioVersion = 17.10.35122.118
MinimumVisualStudioVersion = 10.0.40219.1
Project("{FAE04EC0-301F-11D3-BF4B-00C04F79EFBC}") = "OrderManagement", "OrderManagement\OrderManagement.csproj", "{E97C2755-29B1-4BC0-9C07-B8857C8D8520}"
EndProject
Global
	GlobalSection(SolutionConfigurationPlatforms) = preSolution
		Debug|Any CPU = Debug|Any CPU
		Release|Any CPU = Release|Any CPU
	EndGlobalSection
	GlobalSection(ProjectConfigurationPlatforms) = postSolution
		{E97C2755-29B1-4BC0-9C07-B8857C8D8520}.Debug|Any CPU.ActiveCfg = Debug|Any CPU
		{E97C2755-29B1-4BC0-9C07-B8857C8D8520}.Debug|Any CPU.Build.0 = Debug|Any CPU
		{E97C2755-29B1-4BC0-9C07-B8857C8D8520}.Release|Any CPU.ActiveCfg = Release|Any CPU
		{E97C2755-29B1-4BC0-9C07-B8857C8D8520}.Release|Any CPU.Build.0 = Release|Any CPU
	EndGlobalSection
	GlobalSection(SolutionProperties) = preSolution
		HideSolutionNode = FALSE
	EndGlobalSection
	GlobalSection(ExtensibilityGlobals) = postSolution
		SolutionGuid = {0936651B-D2F3-4F8D-AA63-C7A09FCC7538}
	EndGlobalSection
EndGlobal
