
Microsoft Visual Studio Solution File, Format Version 12.00
# Visual Studio Version 17
VisualStudioVersion = 17.10.35122.118
MinimumVisualStudioVersion = 10.0.40219.1
Project("{9A19103F-16F7-4668-BE54-9A1E7A4F7556}") = "OrderProductService", "OrderManagementMicroService\OrderProductService.csproj", "{DEC0774E-0FB5-408F-B633-E53260045529}"
EndProject
Project("{9A19103F-16F7-4668-BE54-9A1E7A4F7556}") = "ProductService", "ProductService\ProductService.csproj", "{99FDE4A3-A60D-4C3B-AB2F-8B6FDCE61A1F}"
EndProject
Project("{9A19103F-16F7-4668-BE54-9A1E7A4F7556}") = "UserService", "UserService\UserService.csproj", "{7CB6E4C1-73E4-4B2F-A790-7C073DF72A67}"
EndProject
Project("{9A19103F-16F7-4668-BE54-9A1E7A4F7556}") = "OrderService", "OrderService\OrderService.csproj", "{B82220AB-4419-4E07-8C20-1BBB57FEC909}"
EndProject
Project("{FAE04EC0-301F-11D3-BF4B-00C04F79EFBC}") = "APIGateWay2", "APIGateWay2\APIGateWay2.csproj", "{A056A6BB-BCB2-49FA-9408-04BE0EBC2CF5}"
EndProject
Global
	GlobalSection(SolutionConfigurationPlatforms) = preSolution
		Debug|Any CPU = Debug|Any CPU
		Release|Any CPU = Release|Any CPU
	EndGlobalSection
	GlobalSection(ProjectConfigurationPlatforms) = postSolution
		{DEC0774E-0FB5-408F-B633-E53260045529}.Debug|Any CPU.ActiveCfg = Debug|Any CPU
		{DEC0774E-0FB5-408F-B633-E53260045529}.Debug|Any CPU.Build.0 = Debug|Any CPU
		{DEC0774E-0FB5-408F-B633-E53260045529}.Release|Any CPU.ActiveCfg = Release|Any CPU
		{DEC0774E-0FB5-408F-B633-E53260045529}.Release|Any CPU.Build.0 = Release|Any CPU
		{99FDE4A3-A60D-4C3B-AB2F-8B6FDCE61A1F}.Debug|Any CPU.ActiveCfg = Debug|Any CPU
		{99FDE4A3-A60D-4C3B-AB2F-8B6FDCE61A1F}.Debug|Any CPU.Build.0 = Debug|Any CPU
		{99FDE4A3-A60D-4C3B-AB2F-8B6FDCE61A1F}.Release|Any CPU.ActiveCfg = Release|Any CPU
		{99FDE4A3-A60D-4C3B-AB2F-8B6FDCE61A1F}.Release|Any CPU.Build.0 = Release|Any CPU
		{7CB6E4C1-73E4-4B2F-A790-7C073DF72A67}.Debug|Any CPU.ActiveCfg = Debug|Any CPU
		{7CB6E4C1-73E4-4B2F-A790-7C073DF72A67}.Debug|Any CPU.Build.0 = Debug|Any CPU
		{7CB6E4C1-73E4-4B2F-A790-7C073DF72A67}.Release|Any CPU.ActiveCfg = Release|Any CPU
		{7CB6E4C1-73E4-4B2F-A790-7C073DF72A67}.Release|Any CPU.Build.0 = Release|Any CPU
		{B82220AB-4419-4E07-8C20-1BBB57FEC909}.Debug|Any CPU.ActiveCfg = Debug|Any CPU
		{B82220AB-4419-4E07-8C20-1BBB57FEC909}.Debug|Any CPU.Build.0 = Debug|Any CPU
		{B82220AB-4419-4E07-8C20-1BBB57FEC909}.Release|Any CPU.ActiveCfg = Release|Any CPU
		{B82220AB-4419-4E07-8C20-1BBB57FEC909}.Release|Any CPU.Build.0 = Release|Any CPU
		{A056A6BB-BCB2-49FA-9408-04BE0EBC2CF5}.Debug|Any CPU.ActiveCfg = Debug|Any CPU
		{A056A6BB-BCB2-49FA-9408-04BE0EBC2CF5}.Debug|Any CPU.Build.0 = Debug|Any CPU
		{A056A6BB-BCB2-49FA-9408-04BE0EBC2CF5}.Release|Any CPU.ActiveCfg = Release|Any CPU
		{A056A6BB-BCB2-49FA-9408-04BE0EBC2CF5}.Release|Any CPU.Build.0 = Release|Any CPU
	EndGlobalSection
	GlobalSection(SolutionProperties) = preSolution
		HideSolutionNode = FALSE
	EndGlobalSection
	GlobalSection(ExtensibilityGlobals) = postSolution
		SolutionGuid = {9F88711D-04BD-4A04-BD57-B137AF778679}
	EndGlobalSection
EndGlobal
